
Microsoft Visual Studio Solution File, Format Version 12.00
# Visual Studio Version 17
VisualStudioVersion = 17.0.31903.59
MinimumVisualStudioVersion = 10.0.40219.1
Project("{FAE04EC0-301F-11D3-BF4B-00C04F79EFBC}") = "TODO.API", "TODO.API\TODO.API.csproj", "{856CBD3A-E77B-49FC-8E1B-959C676F98D3}"
	ProjectSection(ProjectDependencies) = postProject
		{5427D231-3C20-4BCF-A57E-667D11AAF171} = {5427D231-3C20-4BCF-A57E-667D11AAF171}
	EndProjectSection
EndProject
Project("{FAE04EC0-301F-11D3-BF4B-00C04F79EFBC}") = "TODO.APPLICATION", "TODO.APPLICATION\TODO.APPLICATION.csproj", "{2184562B-98A4-4F03-87E9-F30566088FE1}"
EndProject
Project("{FAE04EC0-301F-11D3-BF4B-00C04F79EFBC}") = "TODO.DOMAIN", "TODO.DOMAIN\TODO.DOMAIN.csproj", "{B50E21B0-7915-4540-8835-80F35C52D4A1}"
EndProject
Project("{FAE04EC0-301F-11D3-BF4B-00C04F79EFBC}") = "TODO.INFRASTRUCTURE", "TODO.INFRASTRUCTURE\TODO.INFRASTRUCTURE.csproj", "{5427D231-3C20-4BCF-A57E-667D11AAF171}"
EndProject
Project("{FAE04EC0-301F-11D3-BF4B-00C04F79EFBC}") = "TODO.WEB", "TODO.WEB\TODO.WEB.csproj", "{1C9F002B-5955-4120-9229-A0E573D5E3FA}"
EndProject
Global
	GlobalSection(SolutionConfigurationPlatforms) = preSolution
		Debug|Any CPU = Debug|Any CPU
		Debug|x64 = Debug|x64
		Debug|x86 = Debug|x86
		Release|Any CPU = Release|Any CPU
		Release|x64 = Release|x64
		Release|x86 = Release|x86
	EndGlobalSection
	GlobalSection(ProjectConfigurationPlatforms) = postSolution
		{856CBD3A-E77B-49FC-8E1B-959C676F98D3}.Debug|Any CPU.ActiveCfg = Debug|Any CPU
		{856CBD3A-E77B-49FC-8E1B-959C676F98D3}.Debug|Any CPU.Build.0 = Debug|Any CPU
		{856CBD3A-E77B-49FC-8E1B-959C676F98D3}.Debug|x64.ActiveCfg = Debug|Any CPU
		{856CBD3A-E77B-49FC-8E1B-959C676F98D3}.Debug|x64.Build.0 = Debug|Any CPU
		{856CBD3A-E77B-49FC-8E1B-959C676F98D3}.Debug|x86.ActiveCfg = Debug|Any CPU
		{856CBD3A-E77B-49FC-8E1B-959C676F98D3}.Debug|x86.Build.0 = Debug|Any CPU
		{856CBD3A-E77B-49FC-8E1B-959C676F98D3}.Release|Any CPU.ActiveCfg = Release|Any CPU
		{856CBD3A-E77B-49FC-8E1B-959C676F98D3}.Release|Any CPU.Build.0 = Release|Any CPU
		{856CBD3A-E77B-49FC-8E1B-959C676F98D3}.Release|x64.ActiveCfg = Release|Any CPU
		{856CBD3A-E77B-49FC-8E1B-959C676F98D3}.Release|x64.Build.0 = Release|Any CPU
		{856CBD3A-E77B-49FC-8E1B-959C676F98D3}.Release|x86.ActiveCfg = Release|Any CPU
		{856CBD3A-E77B-49FC-8E1B-959C676F98D3}.Release|x86.Build.0 = Release|Any CPU
		{2184562B-98A4-4F03-87E9-F30566088FE1}.Debug|Any CPU.ActiveCfg = Debug|Any CPU
		{2184562B-98A4-4F03-87E9-F30566088FE1}.Debug|Any CPU.Build.0 = Debug|Any CPU
		{2184562B-98A4-4F03-87E9-F30566088FE1}.Debug|x64.ActiveCfg = Debug|Any CPU
		{2184562B-98A4-4F03-87E9-F30566088FE1}.Debug|x64.Build.0 = Debug|Any CPU
		{2184562B-98A4-4F03-87E9-F30566088FE1}.Debug|x86.ActiveCfg = Debug|Any CPU
		{2184562B-98A4-4F03-87E9-F30566088FE1}.Debug|x86.Build.0 = Debug|Any CPU
		{2184562B-98A4-4F03-87E9-F30566088FE1}.Release|Any CPU.ActiveCfg = Release|Any CPU
		{2184562B-98A4-4F03-87E9-F30566088FE1}.Release|Any CPU.Build.0 = Release|Any CPU
		{2184562B-98A4-4F03-87E9-F30566088FE1}.Release|x64.ActiveCfg = Release|Any CPU
		{2184562B-98A4-4F03-87E9-F30566088FE1}.Release|x64.Build.0 = Release|Any CPU
		{2184562B-98A4-4F03-87E9-F30566088FE1}.Release|x86.ActiveCfg = Release|Any CPU
		{2184562B-98A4-4F03-87E9-F30566088FE1}.Release|x86.Build.0 = Release|Any CPU
		{B50E21B0-7915-4540-8835-80F35C52D4A1}.Debug|Any CPU.ActiveCfg = Debug|Any CPU
		{B50E21B0-7915-4540-8835-80F35C52D4A1}.Debug|Any CPU.Build.0 = Debug|Any CPU
		{B50E21B0-7915-4540-8835-80F35C52D4A1}.Debug|x64.ActiveCfg = Debug|Any CPU
		{B50E21B0-7915-4540-8835-80F35C52D4A1}.Debug|x64.Build.0 = Debug|Any CPU
		{B50E21B0-7915-4540-8835-80F35C52D4A1}.Debug|x86.ActiveCfg = Debug|Any CPU
		{B50E21B0-7915-4540-8835-80F35C52D4A1}.Debug|x86.Build.0 = Debug|Any CPU
		{B50E21B0-7915-4540-8835-80F35C52D4A1}.Release|Any CPU.ActiveCfg = Release|Any CPU
		{B50E21B0-7915-4540-8835-80F35C52D4A1}.Release|Any CPU.Build.0 = Release|Any CPU
		{B50E21B0-7915-4540-8835-80F35C52D4A1}.Release|x64.ActiveCfg = Release|Any CPU
		{B50E21B0-7915-4540-8835-80F35C52D4A1}.Release|x64.Build.0 = Release|Any CPU
		{B50E21B0-7915-4540-8835-80F35C52D4A1}.Release|x86.ActiveCfg = Release|Any CPU
		{B50E21B0-7915-4540-8835-80F35C52D4A1}.Release|x86.Build.0 = Release|Any CPU
		{5427D231-3C20-4BCF-A57E-667D11AAF171}.Debug|Any CPU.ActiveCfg = Debug|Any CPU
		{5427D231-3C20-4BCF-A57E-667D11AAF171}.Debug|Any CPU.Build.0 = Debug|Any CPU
		{5427D231-3C20-4BCF-A57E-667D11AAF171}.Debug|x64.ActiveCfg = Debug|Any CPU
		{5427D231-3C20-4BCF-A57E-667D11AAF171}.Debug|x64.Build.0 = Debug|Any CPU
		{5427D231-3C20-4BCF-A57E-667D11AAF171}.Debug|x86.ActiveCfg = Debug|Any CPU
		{5427D231-3C20-4BCF-A57E-667D11AAF171}.Debug|x86.Build.0 = Debug|Any CPU
		{5427D231-3C20-4BCF-A57E-667D11AAF171}.Release|Any CPU.ActiveCfg = Release|Any CPU
		{5427D231-3C20-4BCF-A57E-667D11AAF171}.Release|Any CPU.Build.0 = Release|Any CPU
		{5427D231-3C20-4BCF-A57E-667D11AAF171}.Release|x64.ActiveCfg = Release|Any CPU
		{5427D231-3C20-4BCF-A57E-667D11AAF171}.Release|x64.Build.0 = Release|Any CPU
		{5427D231-3C20-4BCF-A57E-667D11AAF171}.Release|x86.ActiveCfg = Release|Any CPU
		{5427D231-3C20-4BCF-A57E-667D11AAF171}.Release|x86.Build.0 = Release|Any CPU
		{1C9F002B-5955-4120-9229-A0E573D5E3FA}.Debug|Any CPU.ActiveCfg = Debug|Any CPU
		{1C9F002B-5955-4120-9229-A0E573D5E3FA}.Debug|Any CPU.Build.0 = Debug|Any CPU
		{1C9F002B-5955-4120-9229-A0E573D5E3FA}.Debug|x64.ActiveCfg = Debug|Any CPU
		{1C9F002B-5955-4120-9229-A0E573D5E3FA}.Debug|x64.Build.0 = Debug|Any CPU
		{1C9F002B-5955-4120-9229-A0E573D5E3FA}.Debug|x86.ActiveCfg = Debug|Any CPU
		{1C9F002B-5955-4120-9229-A0E573D5E3FA}.Debug|x86.Build.0 = Debug|Any CPU
		{1C9F002B-5955-4120-9229-A0E573D5E3FA}.Release|Any CPU.ActiveCfg = Release|Any CPU
		{1C9F002B-5955-4120-9229-A0E573D5E3FA}.Release|Any CPU.Build.0 = Release|Any CPU
		{1C9F002B-5955-4120-9229-A0E573D5E3FA}.Release|x64.ActiveCfg = Release|Any CPU
		{1C9F002B-5955-4120-9229-A0E573D5E3FA}.Release|x64.Build.0 = Release|Any CPU
		{1C9F002B-5955-4120-9229-A0E573D5E3FA}.Release|x86.ActiveCfg = Release|Any CPU
		{1C9F002B-5955-4120-9229-A0E573D5E3FA}.Release|x86.Build.0 = Release|Any CPU
	EndGlobalSection
	GlobalSection(SolutionProperties) = preSolution
		HideSolutionNode = FALSE
	EndGlobalSection
	GlobalSection(ExtensibilityGlobals) = postSolution
		SolutionGuid = {D2FEFD5F-CC9B-4472-A3EE-57990E274A15}
	EndGlobalSection
EndGlobal
